
Microsoft Visual Studio Solution File, Format Version 12.00
# Visual Studio Version 16
VisualStudioVersion = 16.0.29519.87
MinimumVisualStudioVersion = 10.0.40219.1
Project("{FAE04EC0-301F-11D3-BF4B-00C04F79EFBC}") = "TIXE_Projector", "TIXE_Projector.csproj", "{341A0776-0A02-4D4E-A64B-93457C6F61AE}"
EndProject
Global
	GlobalSection(SolutionConfigurationPlatforms) = preSolution
		Debug|Any CPU = Debug|Any CPU
		Release|Any CPU = Release|Any CPU
	EndGlobalSection
	GlobalSection(ProjectConfigurationPlatforms) = postSolution
		{341A0776-0A02-4D4E-A64B-93457C6F61AE}.Debug|Any CPU.ActiveCfg = Debug|Any CPU
		{341A0776-0A02-4D4E-A64B-93457C6F61AE}.Debug|Any CPU.Build.0 = Debug|Any CPU
		{341A0776-0A02-4D4E-A64B-93457C6F61AE}.Release|Any CPU.ActiveCfg = Release|Any CPU
		{341A0776-0A02-4D4E-A64B-93457C6F61AE}.Release|Any CPU.Build.0 = Release|Any CPU
	EndGlobalSection
	GlobalSection(SolutionProperties) = preSolution
		HideSolutionNode = FALSE
	EndGlobalSection
	GlobalSection(ExtensibilityGlobals) = postSolution
		SolutionGuid = {E68AA90F-67F6-4A6C-A016-87AB694922BA}
	EndGlobalSection
EndGlobal
